
Microsoft Visual Studio Solution File, Format Version 12.00
# Visual Studio Version 17
VisualStudioVersion = 17.1.32421.90
MinimumVisualStudioVersion = 10.0.40219.1
Project("{FAE04EC0-301F-11D3-BF4B-00C04F79EFBC}") = "activtity 3", "activtity 3\activtity 3.csproj", "{C10DBFB1-5E2E-4601-8A85-0F12071E0AB6}"
EndProject
Global
	GlobalSection(SolutionConfigurationPlatforms) = preSolution
		Debug|Any CPU = Debug|Any CPU
		Release|Any CPU = Release|Any CPU
	EndGlobalSection
	GlobalSection(ProjectConfigurationPlatforms) = postSolution
		{C10DBFB1-5E2E-4601-8A85-0F12071E0AB6}.Debug|Any CPU.ActiveCfg = Debug|Any CPU
		{C10DBFB1-5E2E-4601-8A85-0F12071E0AB6}.Debug|Any CPU.Build.0 = Debug|Any CPU
		{C10DBFB1-5E2E-4601-8A85-0F12071E0AB6}.Release|Any CPU.ActiveCfg = Release|Any CPU
		{C10DBFB1-5E2E-4601-8A85-0F12071E0AB6}.Release|Any CPU.Build.0 = Release|Any CPU
	EndGlobalSection
	GlobalSection(SolutionProperties) = preSolution
		HideSolutionNode = FALSE
	EndGlobalSection
	GlobalSection(ExtensibilityGlobals) = postSolution
		SolutionGuid = {7AB48D49-63D9-4D1C-89F0-6BDEDC4AB06F}
	EndGlobalSection
EndGlobal
